Microsoft Visual Studio Solution File, Format Version 11.00
# Visual Studio 2008

Project("{4F77A372-E994-D08E-F4A1-3CC5D68B7795}") = "BigWorld", "Assembly-CSharp-firstpass.csproj", "{E96A10CA-1B22-C864-412A-5682C9FC936B}"
EndProject
Project("{4F77A372-E994-D08E-F4A1-3CC5D68B7795}") = "BigWorld", "Assembly-CSharp.csproj", "{10B6B89B-F18D-DEAC-F852-988650E34F18}"
EndProject
Project("{4F77A372-E994-D08E-F4A1-3CC5D68B7795}") = "BigWorld", "Assembly-CSharp-Editor.csproj", "{BB00B553-F7EE-D2DF-4347-45D7BC28B537}"
EndProject
Global
	GlobalSection(SolutionConfigurationPlatforms) = preSolution
		Debug|Any CPU = Debug|Any CPU
		Release|Any CPU = Release|Any CPU
	EndGlobalSection
	GlobalSection(ProjectConfigurationPlatforms) = postSolution
		{E96A10CA-1B22-C864-412A-5682C9FC936B}.Debug|Any CPU.ActiveCfg = Debug|Any CPU
		{E96A10CA-1B22-C864-412A-5682C9FC936B}.Debug|Any CPU.Build.0 = Debug|Any CPU
		{E96A10CA-1B22-C864-412A-5682C9FC936B}.Release|Any CPU.ActiveCfg = Release|Any CPU
		{E96A10CA-1B22-C864-412A-5682C9FC936B}.Release|Any CPU.Build.0 = Release|Any CPU
		{10B6B89B-F18D-DEAC-F852-988650E34F18}.Debug|Any CPU.ActiveCfg = Debug|Any CPU
		{10B6B89B-F18D-DEAC-F852-988650E34F18}.Debug|Any CPU.Build.0 = Debug|Any CPU
		{10B6B89B-F18D-DEAC-F852-988650E34F18}.Release|Any CPU.ActiveCfg = Release|Any CPU
		{10B6B89B-F18D-DEAC-F852-988650E34F18}.Release|Any CPU.Build.0 = Release|Any CPU
		{BB00B553-F7EE-D2DF-4347-45D7BC28B537}.Debug|Any CPU.ActiveCfg = Debug|Any CPU
		{BB00B553-F7EE-D2DF-4347-45D7BC28B537}.Debug|Any CPU.Build.0 = Debug|Any CPU
		{BB00B553-F7EE-D2DF-4347-45D7BC28B537}.Release|Any CPU.ActiveCfg = Release|Any CPU
		{BB00B553-F7EE-D2DF-4347-45D7BC28B537}.Release|Any CPU.Build.0 = Release|Any CPU
	EndGlobalSection
	GlobalSection(SolutionProperties) = preSolution
		HideSolutionNode = FALSE
	EndGlobalSection
																																																																																																																																																																																																																																																																																																																																																																																																																																																						GlobalSection(MonoDevelopProperties) = preSolution
		StartupItem = Assembly-CSharp.csproj
		Policies = $0
		$0.TextStylePolicy = $1
		$1.inheritsSet = null
		$1.scope = text/x-csharp
		$0.CSharpFormattingPolicy = $2
		$2.inheritsSet = Mono
		$2.inheritsScope = text/x-csharp
		$2.scope = text/x-csharp
		$0.TextStylePolicy = $3
		$3.FileWidth = 120
		$3.TabWidth = 4
		$3.IndentWidth = 4
		$3.EolMarker = Unix
		$3.inheritsSet = Mono
		$3.inheritsScope = text/plain
		$3.scope = text/plain
	EndGlobalSection
EndGlobal
